// !$*UTF8*$!
{
	archiveVersion = 1;
	classes = {
	};
	objectVersion = 77;
	objects = {

/* Begin PBXBuildFile section */
		E5B636F52D22BE4000F1C672 /* Flx in Frameworks */ = {isa = PBXBuildFile; productRef = E5B636F42D22BE4000F1C672 /* Flx */; };
/* End PBXBuildFile section */

/* Begin PBXContainerItemProxy section */
		E5B636D62D22BE0600F1C672 /* PBXContainerItemProxy */ = {
			isa = PBXContainerItemProxy;
			containerPortal = E5B636BC2D22BE0400F1C672 /* Project object */;
			proxyType = 1;
			remoteGlobalIDString = E5B636C32D22BE0400F1C672;
			remoteInfo = DemoFlxSwift;
		};
		E5B636E02D22BE0600F1C672 /* PBXContainerItemProxy */ = {
			isa = PBXContainerItemProxy;
			containerPortal = E5B636BC2D22BE0400F1C672 /* Project object */;
			proxyType = 1;
			remoteGlobalIDString = E5B636C32D22BE0400F1C672;
			remoteInfo = DemoFlxSwift;
		};
/* End PBXContainerItemProxy section */

/* Begin PBXFileReference section */
		E5B636C42D22BE0400F1C672 /* DemoFlxSwift.app */ = {isa = PBXFileReference; explicitFileType = wrapper.application; includeInIndex = 0; path = DemoFlxSwift.app; sourceTree = BUILT_PRODUCTS_DIR; };
		E5B636D52D22BE0600F1C672 /* DemoFlxSwiftTests.xctest */ = {isa = PBXFileReference; explicitFileType = wrapper.cfbundle; includeInIndex = 0; path = DemoFlxSwiftTests.xctest; sourceTree = BUILT_PRODUCTS_DIR; };
		E5B636DF2D22BE0600F1C672 /* DemoFlxSwiftUITests.xctest */ = {isa = PBXFileReference; explicitFileType = wrapper.cfbundle; includeInIndex = 0; path = DemoFlxSwiftUITests.xctest; sourceTree = BUILT_PRODUCTS_DIR; };
/* End PBXFileReference section */

/* Begin PBXFileSystemSynchronizedRootGroup section */
		E5B636C62D22BE0400F1C672 /* DemoFlxSwift */ = {
			isa = PBXFileSystemSynchronizedRootGroup;
			path = DemoFlxSwift;
			sourceTree = "<group>";
		};
		E5B636D82D22BE0600F1C672 /* DemoFlxSwiftTests */ = {
			isa = PBXFileSystemSynchronizedRootGroup;
			path = DemoFlxSwiftTests;
			sourceTree = "<group>";
		};
		E5B636E22D22BE0600F1C672 /* DemoFlxSwiftUITests */ = {
			isa = PBXFileSystemSynchronizedRootGroup;
			path = DemoFlxSwiftUITests;
			sourceTree = "<group>";
		};
/* End PBXFileSystemSynchronizedRootGroup section */

/* Begin PBXFrameworksBuildPhase section */
		E5B636C12D22BE0400F1C672 /* Frameworks */ = {
			isa = PBXFrameworksBuildPhase;
			buildActionMask = 2147483647;
			files = (
				E5B636F52D22BE4000F1C672 /* Flx in Frameworks */,
			);
			runOnlyForDeploymentPostprocessing = 0;
		};
		E5B636D22D22BE0600F1C672 /* Frameworks */ = {
			isa = PBXFrameworksBuildPhase;
			buildActionMask = 2147483647;
			files = (
			);
			runOnlyForDeploymentPostprocessing = 0;
		};
		E5B636DC2D22BE0600F1C672 /* Frameworks */ = {
			isa = PBXFrameworksBuildPhase;
			buildActionMask = 2147483647;
			files = (
			);
			runOnlyForDeploymentPostprocessing = 0;
		};
/* End PBXFrameworksBuildPhase section */

/* Begin PBXGroup section */
		E5B636BB2D22BE0400F1C672 = {
			isa = PBXGroup;
			children = (
				E5B636C62D22BE0400F1C672 /* DemoFlxSwift */,
				E5B636D82D22BE0600F1C672 /* DemoFlxSwiftTests */,
				E5B636E22D22BE0600F1C672 /* DemoFlxSwiftUITests */,
				E5B636F32D22BE4000F1C672 /* Frameworks */,
				E5B636C52D22BE0400F1C672 /* Products */,
			);
			sourceTree = "<group>";
		};
		E5B636C52D22BE0400F1C672 /* Products */ = {
			isa = PBXGroup;
			children = (
				E5B636C42D22BE0400F1C672 /* DemoFlxSwift.app */,
				E5B636D52D22BE0600F1C672 /* DemoFlxSwiftTests.xctest */,
				E5B636DF2D22BE0600F1C672 /* DemoFlxSwiftUITests.xctest */,
			);
			name = Products;
			sourceTree = "<group>";
		};
		E5B636F32D22BE4000F1C672 /* Frameworks */ = {
			isa = PBXGroup;
			children = (
			);
			name = Frameworks;
			sourceTree = "<group>";
		};
/* End PBXGroup section */

/* Begin PBXNativeTarget section */
		E5B636C32D22BE0400F1C672 /* DemoFlxSwift */ = {
			isa = PBXNativeTarget;
			buildConfigurationList = E5B636E92D22BE0600F1C672 /* Build configuration list for PBXNativeTarget "DemoFlxSwift" */;
			buildPhases = (
				E5B636C02D22BE0400F1C672 /* Sources */,
				E5B636C12D22BE0400F1C672 /* Frameworks */,
				E5B636C22D22BE0400F1C672 /* Resources */,
			);
			buildRules = (
			);
			dependencies = (
			);
			fileSystemSynchronizedGroups = (
				E5B636C62D22BE0400F1C672 /* DemoFlxSwift */,
			);
			name = DemoFlxSwift;
			packageProductDependencies = (
				E5B636F42D22BE4000F1C672 /* Flx */,
			);
			productName = DemoFlxSwift;
			productReference = E5B636C42D22BE0400F1C672 /* DemoFlxSwift.app */;
			productType = "com.apple.product-type.application";
		};
		E5B636D42D22BE0600F1C672 /* DemoFlxSwiftTests */ = {
			isa = PBXNativeTarget;
			buildConfigurationList = E5B636EC2D22BE0600F1C672 /* Build configuration list for PBXNativeTarget "DemoFlxSwiftTests" */;
			buildPhases = (
				E5B636D12D22BE0600F1C672 /* Sources */,
				E5B636D22D22BE0600F1C672 /* Frameworks */,
				E5B636D32D22BE0600F1C672 /* Resources */,
			);
			buildRules = (
			);
			dependencies = (
				E5B636D72D22BE0600F1C672 /* PBXTargetDependency */,
			);
			fileSystemSynchronizedGroups = (
				E5B636D82D22BE0600F1C672 /* DemoFlxSwiftTests */,
			);
			name = DemoFlxSwiftTests;
			packageProductDependencies = (
			);
			productName = DemoFlxSwiftTests;
			productReference = E5B636D52D22BE0600F1C672 /* DemoFlxSwiftTests.xctest */;
			productType = "com.apple.product-type.bundle.unit-test";
		};
		E5B636DE2D22BE0600F1C672 /* DemoFlxSwiftUITests */ = {
			isa = PBXNativeTarget;
			buildConfigurationList = E5B636EF2D22BE0600F1C672 /* Build configuration list for PBXNativeTarget "DemoFlxSwiftUITests" */;
			buildPhases = (
				E5B636DB2D22BE0600F1C672 /* Sources */,
				E5B636DC2D22BE0600F1C672 /* Frameworks */,
				E5B636DD2D22BE0600F1C672 /* Resources */,
			);
			buildRules = (
			);
			dependencies = (
				E5B636E12D22BE0600F1C672 /* PBXTargetDependency */,
			);
			fileSystemSynchronizedGroups = (
				E5B636E22D22BE0600F1C672 /* DemoFlxSwiftUITests */,
			);
			name = DemoFlxSwiftUITests;
			packageProductDependencies = (
			);
			productName = DemoFlxSwiftUITests;
			productReference = E5B636DF2D22BE0600F1C672 /* DemoFlxSwiftUITests.xctest */;
			productType = "com.apple.product-type.bundle.ui-testing";
		};
/* End PBXNativeTarget section */

/* Begin PBXProject section */
		E5B636BC2D22BE0400F1C672 /* Project object */ = {
			isa = PBXProject;
			attributes = {
				BuildIndependentTargetsInParallel = 1;
				LastSwiftUpdateCheck = 1620;
				LastUpgradeCheck = 1620;
				TargetAttributes = {
					E5B636C32D22BE0400F1C672 = {
						CreatedOnToolsVersion = 16.2;
					};
					E5B636D42D22BE0600F1C672 = {
						CreatedOnToolsVersion = 16.2;
						TestTargetID = E5B636C32D22BE0400F1C672;
					};
					E5B636DE2D22BE0600F1C672 = {
						CreatedOnToolsVersion = 16.2;
						TestTargetID = E5B636C32D22BE0400F1C672;
					};
				};
			};
			buildConfigurationList = E5B636BF2D22BE0400F1C672 /* Build configuration list for PBXProject "DemoFlxSwift" */;
			developmentRegion = en;
			hasScannedForEncodings = 0;
			knownRegions = (
				en,
				Base,
			);
			mainGroup = E5B636BB2D22BE0400F1C672;
			minimizedProjectReferenceProxies = 1;
			packageReferences = (
				E5B636F22D22BE1900F1C672 /* XCRemoteSwiftPackageReference "FlxSwift" */,
			);
			preferredProjectObjectVersion = 77;
			productRefGroup = E5B636C52D22BE0400F1C672 /* Products */;
			projectDirPath = "";
			projectRoot = "";
			targets = (
				E5B636C32D22BE0400F1C672 /* DemoFlxSwift */,
				E5B636D42D22BE0600F1C672 /* DemoFlxSwiftTests */,
				E5B636DE2D22BE0600F1C672 /* DemoFlxSwiftUITests */,
			);
		};
/* End PBXProject section */

/* Begin PBXResourcesBuildPhase section */
		E5B636C22D22BE0400F1C672 /* Resources */ = {
			isa = PBXResourcesBuildPhase;
			buildActionMask = 2147483647;
			files = (
			);
			runOnlyForDeploymentPostprocessing = 0;
		};
		E5B636D32D22BE0600F1C672 /* Resources */ = {
			isa = PBXResourcesBuildPhase;
			buildActionMask = 2147483647;
			files = (
			);
			runOnlyForDeploymentPostprocessing = 0;
		};
		E5B636DD2D22BE0600F1C672 /* Resources */ = {
			isa = PBXResourcesBuildPhase;
			buildActionMask = 2147483647;
			files = (
			);
			runOnlyForDeploymentPostprocessing = 0;
		};
/* End PBXResourcesBuildPhase section */

/* Begin PBXSourcesBuildPhase section */
		E5B636C02D22BE0400F1C672 /* Sources */ = {
			isa = PBXSourcesBuildPhase;
			buildActionMask = 2147483647;
			files = (
			);
			runOnlyForDeploymentPostprocessing = 0;
		};
		E5B636D12D22BE0600F1C672 /* Sources */ = {
			isa = PBXSourcesBuildPhase;
			buildActionMask = 2147483647;
			files = (
			);
			runOnlyForDeploymentPostprocessing = 0;
		};
		E5B636DB2D22BE0600F1C672 /* Sources */ = {
			isa = PBXSourcesBuildPhase;
			buildActionMask = 2147483647;
			files = (
			);
			runOnlyForDeploymentPostprocessing = 0;
		};
/* End PBXSourcesBuildPhase section */

/* Begin PBXTargetDependency section */
		E5B636D72D22BE0600F1C672 /* PBXTargetDependency */ = {
			isa = PBXTargetDependency;
			target = E5B636C32D22BE0400F1C672 /* DemoFlxSwift */;
			targetProxy = E5B636D62D22BE0600F1C672 /* PBXContainerItemProxy */;
		};
		E5B636E12D22BE0600F1C672 /* PBXTargetDependency */ = {
			isa = PBXTargetDependency;
			target = E5B636C32D22BE0400F1C672 /* DemoFlxSwift */;
			targetProxy = E5B636E02D22BE0600F1C672 /* PBXContainerItemProxy */;
		};
/* End PBXTargetDependency section */

/* Begin XCBuildConfiguration section */
		E5B636E72D22BE0600F1C672 /* Debug */ = {
			isa = XCBuildConfiguration;
			buildSettings = {
				ALWAYS_SEARCH_USER_PATHS = NO;
				ASSETCATALOG_COMPILER_GENERATE_SWIFT_ASSET_SYMBOL_EXTENSIONS = YES;
				CLANG_ANALYZER_NONNULL = YES;
				CLANG_ANALYZER_NUMBER_OBJECT_CONVERSION = YES_AGGRESSIVE;
				CLANG_CXX_LANGUAGE_STANDARD = "gnu++20";
				CLANG_ENABLE_MODULES = YES;
				CLANG_ENABLE_OBJC_ARC = YES;
				CLANG_ENABLE_OBJC_WEAK = YES;
				CLANG_WARN_BLOCK_CAPTURE_AUTORELEASING = YES;
				CLANG_WARN_BOOL_CONVERSION = YES;
				CLANG_WARN_COMMA = YES;
				CLANG_WARN_CONSTANT_CONVERSION = YES;
				CLANG_WARN_DEPRECATED_OBJC_IMPLEMENTATIONS = YES;
				CLANG_WARN_DIRECT_OBJC_ISA_USAGE = YES_ERROR;
				CLANG_WARN_DOCUMENTATION_COMMENTS = YES;
				CLANG_WARN_EMPTY_BODY = YES;
				CLANG_WARN_ENUM_CONVERSION = YES;
				CLANG_WARN_INFINITE_RECURSION = YES;
				CLANG_WARN_INT_CONVERSION = YES;
				CLANG_WARN_NON_LITERAL_NULL_CONVERSION = YES;
				CLANG_WARN_OBJC_IMPLICIT_RETAIN_SELF = YES;
				CLANG_WARN_OBJC_LITERAL_CONVERSION = YES;
				CLANG_WARN_OBJC_ROOT_CLASS = YES_ERROR;
				CLANG_WARN_QUOTED_INCLUDE_IN_FRAMEWORK_HEADER = YES;
				CLANG_WARN_RANGE_LOOP_ANALYSIS = YES;
				CLANG_WARN_STRICT_PROTOTYPES = YES;
				CLANG_WARN_SUSPICIOUS_MOVE = YES;
				CLANG_WARN_UNGUARDED_AVAILABILITY = YES_AGGRESSIVE;
				CLANG_WARN_UNREACHABLE_CODE = YES;
				CLANG_WARN__DUPLICATE_METHOD_MATCH = YES;
				COPY_PHASE_STRIP = NO;
				DEBUG_INFORMATION_FORMAT = dwarf;
				ENABLE_STRICT_OBJC_MSGSEND = YES;
				ENABLE_TESTABILITY = YES;
				ENABLE_USER_SCRIPT_SANDBOXING = YES;
				GCC_C_LANGUAGE_STANDARD = gnu17;
				GCC_DYNAMIC_NO_PIC = NO;
				GCC_NO_COMMON_BLOCKS = YES;
				GCC_OPTIMIZATION_LEVEL = 0;
				GCC_PREPROCESSOR_DEFINITIONS = (
					"DEBUG=1",
					"$(inherited)",
				);
				GCC_WARN_64_TO_32_BIT_CONVERSION = YES;
				GCC_WARN_ABOUT_RETURN_TYPE = YES_ERROR;
				GCC_WARN_UNDECLARED_SELECTOR = YES;
				GCC_WARN_UNINITIALIZED_AUTOS = YES_AGGRESSIVE;
				GCC_WARN_UNUSED_FUNCTION = YES;
				GCC_WARN_UNUSED_VARIABLE = YES;
				LOCALIZATION_PREFERS_STRING_CATALOGS = YES;
				MTL_ENABLE_DEBUG_INFO = INCLUDE_SOURCE;
				MTL_FAST_MATH = YES;
				ONLY_ACTIVE_ARCH = YES;
				SWIFT_ACTIVE_COMPILATION_CONDITIONS = "DEBUG $(inherited)";
				SWIFT_OPTIMIZATION_LEVEL = "-Onone";
			};
			name = Debug;
		};
		E5B636E82D22BE0600F1C672 /* Release */ = {
			isa = XCBuildConfiguration;
			buildSettings = {
				ALWAYS_SEARCH_USER_PATHS = NO;
				ASSETCATALOG_COMPILER_GENERATE_SWIFT_ASSET_SYMBOL_EXTENSIONS = YES;
				CLANG_ANALYZER_NONNULL = YES;
				CLANG_ANALYZER_NUMBER_OBJECT_CONVERSION = YES_AGGRESSIVE;
				CLANG_CXX_LANGUAGE_STANDARD = "gnu++20";
				CLANG_ENABLE_MODULES = YES;
				CLANG_ENABLE_OBJC_ARC = YES;
				CLANG_ENABLE_OBJC_WEAK = YES;
				CLANG_WARN_BLOCK_CAPTURE_AUTORELEASING = YES;
				CLANG_WARN_BOOL_CONVERSION = YES;
				CLANG_WARN_COMMA = YES;
				CLANG_WARN_CONSTANT_CONVERSION = YES;
				CLANG_WARN_DEPRECATED_OBJC_IMPLEMENTATIONS = YES;
				CLANG_WARN_DIRECT_OBJC_ISA_USAGE = YES_ERROR;
				CLANG_WARN_DOCUMENTATION_COMMENTS = YES;
				CLANG_WARN_EMPTY_BODY = YES;
				CLANG_WARN_ENUM_CONVERSION = YES;
				CLANG_WARN_INFINITE_RECURSION = YES;
				CLANG_WARN_INT_CONVERSION = YES;
				CLANG_WARN_NON_LITERAL_NULL_CONVERSION = YES;
				CLANG_WARN_OBJC_IMPLICIT_RETAIN_SELF = YES;
				CLANG_WARN_OBJC_LITERAL_CONVERSION = YES;
				CLANG_WARN_OBJC_ROOT_CLASS = YES_ERROR;
				CLANG_WARN_QUOTED_INCLUDE_IN_FRAMEWORK_HEADER = YES;
				CLANG_WARN_RANGE_LOOP_ANALYSIS = YES;
				CLANG_WARN_STRICT_PROTOTYPES = YES;
				CLANG_WARN_SUSPICIOUS_MOVE = YES;
				CLANG_WARN_UNGUARDED_AVAILABILITY = YES_AGGRESSIVE;
				CLANG_WARN_UNREACHABLE_CODE = YES;
				CLANG_WARN__DUPLICATE_METHOD_MATCH = YES;
				COPY_PHASE_STRIP = NO;
				DEBUG_INFORMATION_FORMAT = "dwarf-with-dsym";
				ENABLE_NS_ASSERTIONS = NO;
				ENABLE_STRICT_OBJC_MSGSEND = YES;
				ENABLE_USER_SCRIPT_SANDBOXING = YES;
				GCC_C_LANGUAGE_STANDARD = gnu17;
				GCC_NO_COMMON_BLOCKS = YES;
				GCC_WARN_64_TO_32_BIT_CONVERSION = YES;
				GCC_WARN_ABOUT_RETURN_TYPE = YES_ERROR;
				GCC_WARN_UNDECLARED_SELECTOR = YES;
				GCC_WARN_UNINITIALIZED_AUTOS = YES_AGGRESSIVE;
				GCC_WARN_UNUSED_FUNCTION = YES;
				GCC_WARN_UNUSED_VARIABLE = YES;
				LOCALIZATION_PREFERS_STRING_CATALOGS = YES;
				MTL_ENABLE_DEBUG_INFO = NO;
				MTL_FAST_MATH = YES;
				SWIFT_COMPILATION_MODE = wholemodule;
			};
			name = Release;
		};
		E5B636EA2D22BE0600F1C672 /* Debug */ = {
			isa = XCBuildConfiguration;
			buildSettings = {
				ASSETCATALOG_COMPILER_APPICON_NAME = AppIcon;
				ASSETCATALOG_COMPILER_GLOBAL_ACCENT_COLOR_NAME = AccentColor;
				CODE_SIGN_ENTITLEMENTS = DemoFlxSwift/DemoFlxSwift.entitlements;
				CODE_SIGN_STYLE = Automatic;
				CURRENT_PROJECT_VERSION = 1;
				DEVELOPMENT_ASSET_PATHS = "\"DemoFlxSwift/Preview Content\"";
				ENABLE_PREVIEWS = YES;
				GENERATE_INFOPLIST_FILE = YES;
				"INFOPLIST_KEY_UIApplicationSceneManifest_Generation[sdk=iphoneos*]" = YES;
				"INFOPLIST_KEY_UIApplicationSceneManifest_Generation[sdk=iphonesimulator*]" = YES;
				"INFOPLIST_KEY_UIApplicationSupportsIndirectInputEvents[sdk=iphoneos*]" = YES;
				"INFOPLIST_KEY_UIApplicationSupportsIndirectInputEvents[sdk=iphonesimulator*]" = YES;
				"INFOPLIST_KEY_UILaunchScreen_Generation[sdk=iphoneos*]" = YES;
				"INFOPLIST_KEY_UILaunchScreen_Generation[sdk=iphonesimulator*]" = YES;
				"INFOPLIST_KEY_UIStatusBarStyle[sdk=iphoneos*]" = UIStatusBarStyleDefault;
				"INFOPLIST_KEY_UIStatusBarStyle[sdk=iphonesimulator*]" = UIStatusBarStyleDefault;
				INFOPLIST_KEY_UISupportedInterfaceOrientations_iPad = "UIInterfaceOrientationPortrait UIInterfaceOrientationPortraitUpsideDown UIInterfaceOrientationLandscapeLeft UIInterfaceOrientationLandscapeRight";
				INFOPLIST_KEY_UISupportedInterfaceOrientations_iPhone = "UIInterfaceOrientationPortrait UIInterfaceOrientationLandscapeLeft UIInterfaceOrientationLandscapeRight";
				IPHONEOS_DEPLOYMENT_TARGET = 18.2;
				LD_RUNPATH_SEARCH_PATHS = "@executable_path/Frameworks";
				"LD_RUNPATH_SEARCH_PATHS[sdk=macosx*]" = "@executable_path/../Frameworks";
				MACOSX_DEPLOYMENT_TARGET = 15.1;
				MARKETING_VERSION = 1.0;
				PRODUCT_BUNDLE_IDENTIFIER = "com.github.the-flx.DemoFlxSwift";
				PRODUCT_NAME = "$(TARGET_NAME)";
				SDKROOT = auto;
				SUPPORTED_PLATFORMS = "iphoneos iphonesimulator macosx xros xrsimulator";
				SWIFT_EMIT_LOC_STRINGS = YES;
				SWIFT_VERSION = 5.0;
				TARGETED_DEVICE_FAMILY = "1,2,7";
				XROS_DEPLOYMENT_TARGET = 2.2;
			};
			name = Debug;
		};
		E5B636EB2D22BE0600F1C672 /* Release */ = {
			isa = XCBuildConfiguration;
			buildSettings = {
				ASSETCATALOG_COMPILER_APPICON_NAME = AppIcon;
				ASSETCATALOG_COMPILER_GLOBAL_ACCENT_COLOR_NAME = AccentColor;
				CODE_SIGN_ENTITLEMENTS = DemoFlxSwift/DemoFlxSwift.entitlements;
				CODE_SIGN_STYLE = Automatic;
				CURRENT_PROJECT_VERSION = 1;
				DEVELOPMENT_ASSET_PATHS = "\"DemoFlxSwift/Preview Content\"";
				ENABLE_PREVIEWS = YES;
				GENERATE_INFOPLIST_FILE = YES;
				"INFOPLIST_KEY_UIApplicationSceneManifest_Generation[sdk=iphoneos*]" = YES;
				"INFOPLIST_KEY_UIApplicationSceneManifest_Generation[sdk=iphonesimulator*]" = YES;
				"INFOPLIST_KEY_UIApplicationSupportsIndirectInputEvents[sdk=iphoneos*]" = YES;
				"INFOPLIST_KEY_UIApplicationSupportsIndirectInputEvents[sdk=iphonesimulator*]" = YES;
				"INFOPLIST_KEY_UILaunchScreen_Generation[sdk=iphoneos*]" = YES;
				"INFOPLIST_KEY_UILaunchScreen_Generation[sdk=iphonesimulator*]" = YES;
				"INFOPLIST_KEY_UIStatusBarStyle[sdk=iphoneos*]" = UIStatusBarStyleDefault;
				"INFOPLIST_KEY_UIStatusBarStyle[sdk=iphonesimulator*]" = UIStatusBarStyleDefault;
				INFOPLIST_KEY_UISupportedInterfaceOrientations_iPad = "UIInterfaceOrientationPortrait UIInterfaceOrientationPortraitUpsideDown UIInterfaceOrientationLandscapeLeft UIInterfaceOrientationLandscapeRight";
				INFOPLIST_KEY_UISupportedInterfaceOrientations_iPhone = "UIInterfaceOrientationPortrait UIInterfaceOrientationLandscapeLeft UIInterfaceOrientationLandscapeRight";
				IPHONEOS_DEPLOYMENT_TARGET = 18.2;
				LD_RUNPATH_SEARCH_PATHS = "@executable_path/Frameworks";
				"LD_RUNPATH_SEARCH_PATHS[sdk=macosx*]" = "@executable_path/../Frameworks";
				MACOSX_DEPLOYMENT_TARGET = 15.1;
				MARKETING_VERSION = 1.0;
				PRODUCT_BUNDLE_IDENTIFIER = "com.github.the-flx.DemoFlxSwift";
				PRODUCT_NAME = "$(TARGET_NAME)";
				SDKROOT = auto;
				SUPPORTED_PLATFORMS = "iphoneos iphonesimulator macosx xros xrsimulator";
				SWIFT_EMIT_LOC_STRINGS = YES;
				SWIFT_VERSION = 5.0;
				TARGETED_DEVICE_FAMILY = "1,2,7";
				XROS_DEPLOYMENT_TARGET = 2.2;
			};
			name = Release;
		};
		E5B636ED2D22BE0600F1C672 /* Debug */ = {
			isa = XCBuildConfiguration;
			buildSettings = {
				BUNDLE_LOADER = "$(TEST_HOST)";
				CODE_SIGN_STYLE = Automatic;
				CURRENT_PROJECT_VERSION = 1;
				GENERATE_INFOPLIST_FILE = YES;
				IPHONEOS_DEPLOYMENT_TARGET = 18.2;
				MACOSX_DEPLOYMENT_TARGET = 15.1;
				MARKETING_VERSION = 1.0;
				PRODUCT_BUNDLE_IDENTIFIER = "com.github.the-flx.DemoFlxSwiftTests";
				PRODUCT_NAME = "$(TARGET_NAME)";
				SDKROOT = auto;
				SUPPORTED_PLATFORMS = "iphoneos iphonesimulator macosx xros xrsimulator";
				SWIFT_EMIT_LOC_STRINGS = NO;
				SWIFT_VERSION = 5.0;
				TARGETED_DEVICE_FAMILY = "1,2,7";
				TEST_HOST = "$(BUILT_PRODUCTS_DIR)/DemoFlxSwift.app/$(BUNDLE_EXECUTABLE_FOLDER_PATH)/DemoFlxSwift";
				XROS_DEPLOYMENT_TARGET = 2.2;
			};
			name = Debug;
		};
		E5B636EE2D22BE0600F1C672 /* Release */ = {
			isa = XCBuildConfiguration;
			buildSettings = {
				BUNDLE_LOADER = "$(TEST_HOST)";
				CODE_SIGN_STYLE = Automatic;
				CURRENT_PROJECT_VERSION = 1;
				GENERATE_INFOPLIST_FILE = YES;
				IPHONEOS_DEPLOYMENT_TARGET = 18.2;
				MACOSX_DEPLOYMENT_TARGET = 15.1;
				MARKETING_VERSION = 1.0;
				PRODUCT_BUNDLE_IDENTIFIER = "com.github.the-flx.DemoFlxSwiftTests";
				PRODUCT_NAME = "$(TARGET_NAME)";
				SDKROOT = auto;
				SUPPORTED_PLATFORMS = "iphoneos iphonesimulator macosx xros xrsimulator";
				SWIFT_EMIT_LOC_STRINGS = NO;
				SWIFT_VERSION = 5.0;
				TARGETED_DEVICE_FAMILY = "1,2,7";
				TEST_HOST = "$(BUILT_PRODUCTS_DIR)/DemoFlxSwift.app/$(BUNDLE_EXECUTABLE_FOLDER_PATH)/DemoFlxSwift";
				XROS_DEPLOYMENT_TARGET = 2.2;
			};
			name = Release;
		};
		E5B636F02D22BE0600F1C672 /* Debug */ = {
			isa = XCBuildConfiguration;
			buildSettings = {
				CODE_SIGN_STYLE = Automatic;
				CURRENT_PROJECT_VERSION = 1;
				GENERATE_INFOPLIST_FILE = YES;
				IPHONEOS_DEPLOYMENT_TARGET = 18.2;
				MACOSX_DEPLOYMENT_TARGET = 15.1;
				MARKETING_VERSION = 1.0;
				PRODUCT_BUNDLE_IDENTIFIER = "com.github.the-flx.DemoFlxSwiftUITests";
				PRODUCT_NAME = "$(TARGET_NAME)";
				SDKROOT = auto;
				SUPPORTED_PLATFORMS = "iphoneos iphonesimulator macosx xros xrsimulator";
				SWIFT_EMIT_LOC_STRINGS = NO;
				SWIFT_VERSION = 5.0;
				TARGETED_DEVICE_FAMILY = "1,2,7";
				TEST_TARGET_NAME = DemoFlxSwift;
				XROS_DEPLOYMENT_TARGET = 2.2;
			};
			name = Debug;
		};
		E5B636F12D22BE0600F1C672 /* Release */ = {
			isa = XCBuildConfiguration;
			buildSettings = {
				CODE_SIGN_STYLE = Automatic;
				CURRENT_PROJECT_VERSION = 1;
				GENERATE_INFOPLIST_FILE = YES;
				IPHONEOS_DEPLOYMENT_TARGET = 18.2;
				MACOSX_DEPLOYMENT_TARGET = 15.1;
				MARKETING_VERSION = 1.0;
				PRODUCT_BUNDLE_IDENTIFIER = "com.github.the-flx.DemoFlxSwiftUITests";
				PRODUCT_NAME = "$(TARGET_NAME)";
				SDKROOT = auto;
				SUPPORTED_PLATFORMS = "iphoneos iphonesimulator macosx xros xrsimulator";
				SWIFT_EMIT_LOC_STRINGS = NO;
				SWIFT_VERSION = 5.0;
				TARGETED_DEVICE_FAMILY = "1,2,7";
				TEST_TARGET_NAME = DemoFlxSwift;
				XROS_DEPLOYMENT_TARGET = 2.2;
			};
			name = Release;
		};
/* End XCBuildConfiguration section */

/* Begin XCConfigurationList section */
		E5B636BF2D22BE0400F1C672 /* Build configuration list for PBXProject "DemoFlxSwift" */ = {
			isa = XCConfigurationList;
			buildConfigurations = (
				E5B636E72D22BE0600F1C672 /* Debug */,
				E5B636E82D22BE0600F1C672 /* Release */,
			);
			defaultConfigurationIsVisible = 0;
			defaultConfigurationName = Release;
		};
		E5B636E92D22BE0600F1C672 /* Build configuration list for PBXNativeTarget "DemoFlxSwift" */ = {
			isa = XCConfigurationList;
			buildConfigurations = (
				E5B636EA2D22BE0600F1C672 /* Debug */,
				E5B636EB2D22BE0600F1C672 /* Release */,
			);
			defaultConfigurationIsVisible = 0;
			defaultConfigurationName = Release;
		};
		E5B636EC2D22BE0600F1C672 /* Build configuration list for PBXNativeTarget "DemoFlxSwiftTests" */ = {
			isa = XCConfigurationList;
			buildConfigurations = (
				E5B636ED2D22BE0600F1C672 /* Debug */,
				E5B636EE2D22BE0600F1C672 /* Release */,
			);
			defaultConfigurationIsVisible = 0;
			defaultConfigurationName = Release;
		};
		E5B636EF2D22BE0600F1C672 /* Build configuration list for PBXNativeTarget "DemoFlxSwiftUITests" */ = {
			isa = XCConfigurationList;
			buildConfigurations = (
				E5B636F02D22BE0600F1C672 /* Debug */,
				E5B636F12D22BE0600F1C672 /* Release */,
			);
			defaultConfigurationIsVisible = 0;
			defaultConfigurationName = Release;
		};
/* End XCConfigurationList section */

/* Begin XCRemoteSwiftPackageReference section */
		E5B636F22D22BE1900F1C672 /* XCRemoteSwiftPackageReference "FlxSwift" */ = {
			isa = XCRemoteSwiftPackageReference;
			repositoryURL = "https://github.com/the-flx/FlxSwift";
			requirement = {
				kind = upToNextMajorVersion;
				minimumVersion = 0.1.0;
			};
		};
/* End XCRemoteSwiftPackageReference section */

/* Begin XCSwiftPackageProductDependency section */
		E5B636F42D22BE4000F1C672 /* Flx */ = {
			isa = XCSwiftPackageProductDependency;
			package = E5B636F22D22BE1900F1C672 /* XCRemoteSwiftPackageReference "FlxSwift" */;
			productName = Flx;
		};
/* End XCSwiftPackageProductDependency section */
	};
	rootObject = E5B636BC2D22BE0400F1C672 /* Project object */;
}
